<?xml version="1.0" encoding="utf-8"?>
<Project ToolsVersion="4.0" xmlns="http://schemas.microsoft.com/developer/msbuild/2003">
  <ItemGroup>
    <Filter Include="Source Files">
      <UniqueIdentifier>{4FC737F1-C7A5-4376-A066-2A32D752A2FF}</UniqueIdentifier>
      <Extensions>cpp;c;cc;cxx;def;odl;idl;hpj;bat;asm;asmx</Extensions>
    </Filter>
    <Filter Include="Header Files">
      <UniqueIdentifier>{93995380-89BD-4b04-88EB-625FBE52EBFB}</UniqueIdentifier>
      <Extensions>h;hpp;hxx;hm;inl;inc;xsd</Extensions>
    </Filter>
    <Filter Include="Header Files\Core">
      <UniqueIdentifier>{2a06d197-a006-4ce9-8312-0ad792ac568e}</UniqueIdentifier>
    </Filter>
    <Filter Include="Header Files\Util">
      <UniqueIdentifier>{7aaaf1e8-abf1-4606-8f3c-655a92e77fb6}</UniqueIdentifier>
    </Filter>
    <Filter Include="Header Files\Actions">
      <UniqueIdentifier>{357ff6f5-eefd-4223-895d-a7b85ea90985}</UniqueIdentifier>
    </Filter>
    <Filter Include="Header Files\Sdk">
      <UniqueIdentifier>{3148efdd-e0f9-4130-8463-310dba7bbc0f}</UniqueIdentifier>
    </Filter>
    <Filter Include="Header Files\Sdk\2014.4">
      <UniqueIdentifier>{2d3cd856-18c6-45b3-becb-035389b3557d}</UniqueIdentifier>
    </Filter>
    <Filter Include="Header Files\Action">
      <UniqueIdentifier>{7672adf1-eaff-46d9-8555-605b0d2f9178}</UniqueIdentifier>
    </Filter>
    <Filter Include="Header Files\Frostbite">
      <UniqueIdentifier>{8d9e3f90-7868-4991-a7d9-2e97a6456fab}</UniqueIdentifier>
    </Filter>
    <Filter Include="Header Files\Frostbite\2014.4">
      <UniqueIdentifier>{8c48563a-50dc-4a4c-99c3-d6bc0b8eda09}</UniqueIdentifier>
    </Filter>
  </ItemGroup>
  <ItemGroup>
    <ClCompile Include="FBTools.cpp">
      <Filter>Source Files</Filter>
    </ClCompile>
  </ItemGroup>
  <ItemGroup>
    <ClInclude Include="Util\Common.h">
      <Filter>Header Files\Util</Filter>
    </ClInclude>
    <ClInclude Include="Core\Segment.h">
      <Filter>Header Files\Core</Filter>
    </ClInclude>
    <ClInclude Include="Core\Pattern.h">
      <Filter>Header Files\Core</Filter>
    </ClInclude>
    <ClInclude Include="Plugin.h">
      <Filter>Header Files</Filter>
    </ClInclude>
    <ClInclude Include="Actions\FindTypeInfo.h">
      <Filter>Header Files\Actions</Filter>
    </ClInclude>
    <ClInclude Include="ActionBase.h">
      <Filter>Header Files\Action</Filter>
    </ClInclude>
    <ClInclude Include="ActionManager.h">
      <Filter>Header Files\Action</Filter>
    </ClInclude>
    <ClInclude Include="Frostbite\FrostbiteUtil.h">
      <Filter>Header Files\Frostbite</Filter>
    </ClInclude>
    <ClInclude Include="Sdk\MemberInfoFlags.h">
      <Filter>Header Files\Sdk</Filter>
    </ClInclude>
    <ClInclude Include="Sdk\ModuleInfo.h">
      <Filter>Header Files\Sdk</Filter>
    </ClInclude>
    <ClInclude Include="Util\MemoryPointer.h">
      <Filter>Header Files\Util</Filter>
    </ClInclude>
    <ClInclude Include="Actions\RenameTypeInfo.h">
      <Filter>Header Files\Actions</Filter>
    </ClInclude>
    <ClInclude Include="Actions\CreateTypes.h">
      <Filter>Header Files\Actions</Filter>
    </ClInclude>
    <ClInclude Include="Actions\RenameMessages.h">
      <Filter>Header Files\Actions</Filter>
    </ClInclude>
    <ClInclude Include="Sdk\Hash.h">
      <Filter>Header Files\Sdk</Filter>
    </ClInclude>
    <ClInclude Include="Actions\FindMessageHandlers.h">
      <Filter>Header Files\Actions</Filter>
    </ClInclude>
    <ClInclude Include="Frostbite\IFbType.h">
      <Filter>Header Files\Frostbite</Filter>
    </ClInclude>
    <ClInclude Include="Frostbite\IFbField.h">
      <Filter>Header Files\Frostbite</Filter>
    </ClInclude>
    <ClInclude Include="Frostbite\TypeFactory.h">
      <Filter>Header Files\Frostbite</Filter>
    </ClInclude>
    <ClInclude Include="Frostbite\FBVersion.h">
      <Filter>Header Files\Frostbite</Filter>
    </ClInclude>
    <ClInclude Include="Frostbite\ITypeBase.h">
      <Filter>Header Files</Filter>
    </ClInclude>
    <ClInclude Include="Frostbite\Dumper\FBTDumper.h">
      <Filter>Header Files</Filter>
    </ClInclude>
    <ClInclude Include="Frostbite\Dumper\CppDumper.h">
      <Filter>Header Files</Filter>
    </ClInclude>
    <ClInclude Include="Actions\DumpDefinitions.h">
      <Filter>Header Files</Filter>
    </ClInclude>
    <ClInclude Include="Sdk\Fb2\MemberInfo.h">
      <Filter>Header Files</Filter>
    </ClInclude>
    <ClInclude Include="Sdk\Fb2\TypeInfo.h">
      <Filter>Header Files</Filter>
    </ClInclude>
    <ClInclude Include="Sdk\Fb2\ValueTypeInfo.h">
      <Filter>Header Files</Filter>
    </ClInclude>
    <ClInclude Include="Sdk\Fb2\FieldInfo.h">
      <Filter>Header Files</Filter>
    </ClInclude>
    <ClInclude Include="Sdk\Fb2\ClassInfo.h">
      <Filter>Header Files</Filter>
    </ClInclude>
    <ClInclude Include="Sdk\Fb2\EnumTypeInfo.h">
      <Filter>Header Files</Filter>
    </ClInclude>
    <ClInclude Include="Frostbite\fb2014.4\Fb2014_4ClassType.h">
      <Filter>Header Files\Frostbite\2014.4</Filter>
    </ClInclude>
    <ClInclude Include="Frostbite\fb2014.4\Fb2014_4EnumFieldType.h">
      <Filter>Header Files</Filter>
    </ClInclude>
    <ClInclude Include="Frostbite\fb2014.4\Fb2014_4EnumType.h">
      <Filter>Header Files</Filter>
    </ClInclude>
    <ClInclude Include="Frostbite\fb2014.4\Fb2014_4FieldType.h">
      <Filter>Header Files</Filter>
    </ClInclude>
    <ClInclude Include="Frostbite\fb2014.4\Fb2014_4Type.h">
      <Filter>Header Files\Frostbite\2014.4</Filter>
    </ClInclude>
    <ClInclude Include="Frostbite\fb2014.4\Fb2014_4ValueType.h">
      <Filter>Header Files\Frostbite\2014.4</Filter>
    </ClInclude>
    <ClInclude Include="Frostbite\Fb2\Fb2Type.h">
      <Filter>Header Files</Filter>
    </ClInclude>
    <ClInclude Include="Frostbite\Fb2\Fb2ClassType.h">
      <Filter>Header Files</Filter>
    </ClInclude>
    <ClInclude Include="Frostbite\Fb2\Fb2ValueType.h">
      <Filter>Header Files</Filter>
    </ClInclude>
    <ClInclude Include="Frostbite\Fb2\Fb2FieldType.h">
      <Filter>Header Files</Filter>
    </ClInclude>
    <ClInclude Include="Frostbite\Fb2\Fb2EnumFieldType.h">
      <Filter>Header Files</Filter>
    </ClInclude>
    <ClInclude Include="Frostbite\Fb2\Fb2EnumType.h">
      <Filter>Header Files</Filter>
    </ClInclude>
    <ClInclude Include="Frostbite\fb2013\Fb2013ClassType.h">
      <Filter>Header Files</Filter>
    </ClInclude>
    <ClInclude Include="Frostbite\fb2013\Fb2013EnumFieldType.h">
      <Filter>Header Files</Filter>
    </ClInclude>
    <ClInclude Include="Frostbite\fb2013\Fb2013EnumType.h">
      <Filter>Header Files</Filter>
    </ClInclude>
    <ClInclude Include="Frostbite\fb2013\Fb2013FieldType.h">
      <Filter>Header Files</Filter>
    </ClInclude>
    <ClInclude Include="Frostbite\fb2013\Fb2013Type.h">
      <Filter>Header Files</Filter>
    </ClInclude>
    <ClInclude Include="Frostbite\fb2013\Fb2013ValueType.h">
      <Filter>Header Files</Filter>
    </ClInclude>
    <ClInclude Include="Sdk\fb2014.4\ClassInfo.h">
      <Filter>Header Files\Sdk\2014.4</Filter>
    </ClInclude>
    <ClInclude Include="Sdk\fb2014.4\EnumTypeInfo.h">
      <Filter>Header Files</Filter>
    </ClInclude>
    <ClInclude Include="Sdk\fb2014.4\FieldInfo.h">
      <Filter>Header Files\Sdk\2014.4</Filter>
    </ClInclude>
    <ClInclude Include="Sdk\fb2014.4\MemberInfo.h">
      <Filter>Header Files\Sdk\2014.4</Filter>
    </ClInclude>
    <ClInclude Include="Sdk\fb2014.4\TypeInfo.h">
      <Filter>Header Files\Sdk\2014.4</Filter>
    </ClInclude>
    <ClInclude Include="Sdk\fb2014.4\ValueTypeInfo.h">
      <Filter>Header Files\Sdk\2014.4</Filter>
    </ClInclude>
    <ClInclude Include="Sdk\fb2013\ClassInfo.h">
      <Filter>Header Files</Filter>
    </ClInclude>
    <ClInclude Include="Sdk\fb2013\EnumTypeInfo.h">
      <Filter>Header Files</Filter>
    </ClInclude>
    <ClInclude Include="Sdk\fb2013\FieldInfo.h">
      <Filter>Header Files</Filter>
    </ClInclude>
    <ClInclude Include="Sdk\fb2013\MemberInfo.h">
      <Filter>Header Files</Filter>
    </ClInclude>
    <ClInclude Include="Sdk\fb2013\TypeInfo.h">
      <Filter>Header Files</Filter>
    </ClInclude>
    <ClInclude Include="Sdk\fb2013\ValueTypeInfo.h">
      <Filter>Header Files</Filter>
    </ClInclude>
    <ClInclude Include="Sdk\fb2018\ValueTypeInfo.h">
      <Filter>Header Files</Filter>
    </ClInclude>
    <ClInclude Include="Sdk\fb2018\ClassInfo.h">
      <Filter>Header Files</Filter>
    </ClInclude>
    <ClInclude Include="Sdk\fb2018\EnumTypeInfo.h">
      <Filter>Header Files</Filter>
    </ClInclude>
    <ClInclude Include="Sdk\fb2018\FieldInfo.h">
      <Filter>Header Files</Filter>
    </ClInclude>
    <ClInclude Include="Sdk\fb2018\MemberInfo.h">
      <Filter>Header Files</Filter>
    </ClInclude>
    <ClInclude Include="Sdk\fb2018\TypeInfo.h">
      <Filter>Header Files</Filter>
    </ClInclude>
    <ClInclude Include="Frostbite\fb2018\Fb2018ClassType.h">
      <Filter>Header Files</Filter>
    </ClInclude>
    <ClInclude Include="Frostbite\fb2018\Fb2018ValueType.h">
      <Filter>Header Files</Filter>
    </ClInclude>
    <ClInclude Include="Frostbite\fb2018\Fb2018Type.h">
      <Filter>Header Files</Filter>
    </ClInclude>
    <ClInclude Include="Frostbite\fb2018\Fb2018FieldType.h">
      <Filter>Header Files</Filter>
    </ClInclude>
    <ClInclude Include="Frostbite\fb2018\Fb2018EnumType.h">
      <Filter>Header Files</Filter>
    </ClInclude>
    <ClInclude Include="Frostbite\fb2018\Fb2018EnumFieldType.h">
      <Filter>Header Files</Filter>
    </ClInclude>
    <ClInclude Include="Frostbite\Dumper\IDumper.h">
      <Filter>Header Files</Filter>
    </ClInclude>
    <ClInclude Include="Sdk\TypeEnums.h">
      <Filter>Header Files\Sdk</Filter>
    </ClInclude>
    <ClInclude Include="Sdk\fb2018\MemberInfoFlags.h">
      <Filter>Header Files</Filter>
    </ClInclude>
    <ClInclude Include="Sdk\fb2018\ActionTypeInfo.h">
      <Filter>Header Files</Filter>
    </ClInclude>
    <ClInclude Include="Frostbite\fb2018\Fb2018ActionType.h">
      <Filter>Header Files</Filter>
    </ClInclude>
    <ClInclude Include="Frostbite\Fb2\Fb2PrimitiveType.h">
      <Filter>Header Files</Filter>
    </ClInclude>
    <ClInclude Include="Frostbite\fb2013\Fb2013PrimitiveType.h">
      <Filter>Header Files</Filter>
    </ClInclude>
    <ClInclude Include="Frostbite\fb2018\Fb2018PrimitiveType.h">
      <Filter>Header Files</Filter>
    </ClInclude>
    <ClInclude Include="Frostbite\fb2014.4\Fb2014_4PrimitiveType.h">
      <Filter>Header Files</Filter>
    </ClInclude>
  </ItemGroup>
  <ItemGroup>
    <None Include="README.md" />
  </ItemGroup>
</Project>